
Microsoft Visual Studio Solution File, Format Version 12.00
# Visual Studio Version 16
VisualStudioVersion = 16.0.31112.23
MinimumVisualStudioVersion = 10.0.40219.1
Project("{8BC9CEB8-8B4A-11D0-8D11-00A0C91BC942}") = "swe", "swe.vcxproj", "{85A4F083-5A58-41A5-A997-915F1D879C3C}"
EndProject
Project("{8BC9CEB8-8B4A-11D0-8D11-00A0C91BC942}") = "game_test", "..\game_test\game_test.vcxproj", "{75CDCAB4-9055-43E6-A193-6AF9282581F9}"
	ProjectSection(ProjectDependencies) = postProject
		{85A4F083-5A58-41A5-A997-915F1D879C3C} = {85A4F083-5A58-41A5-A997-915F1D879C3C}
	EndProjectSection
EndProject
Global
	GlobalSection(SolutionConfigurationPlatforms) = preSolution
		Debug|x64 = Debug|x64
		Debug|x86 = Debug|x86
		Release|x64 = Release|x64
		Release|x86 = Release|x86
	EndGlobalSection
	GlobalSection(ProjectConfigurationPlatforms) = postSolution
		{85A4F083-5A58-41A5-A997-915F1D879C3C}.Debug|x64.ActiveCfg = Debug|x64
		{85A4F083-5A58-41A5-A997-915F1D879C3C}.Debug|x64.Build.0 = Debug|x64
		{85A4F083-5A58-41A5-A997-915F1D879C3C}.Debug|x86.ActiveCfg = Debug|Win32
		{85A4F083-5A58-41A5-A997-915F1D879C3C}.Debug|x86.Build.0 = Debug|Win32
		{85A4F083-5A58-41A5-A997-915F1D879C3C}.Release|x64.ActiveCfg = Release|x64
		{85A4F083-5A58-41A5-A997-915F1D879C3C}.Release|x64.Build.0 = Release|x64
		{85A4F083-5A58-41A5-A997-915F1D879C3C}.Release|x86.ActiveCfg = Release|Win32
		{85A4F083-5A58-41A5-A997-915F1D879C3C}.Release|x86.Build.0 = Release|Win32
		{75CDCAB4-9055-43E6-A193-6AF9282581F9}.Debug|x64.ActiveCfg = Debug|x64
		{75CDCAB4-9055-43E6-A193-6AF9282581F9}.Debug|x64.Build.0 = Debug|x64
		{75CDCAB4-9055-43E6-A193-6AF9282581F9}.Debug|x86.ActiveCfg = Debug|Win32
		{75CDCAB4-9055-43E6-A193-6AF9282581F9}.Debug|x86.Build.0 = Debug|Win32
		{75CDCAB4-9055-43E6-A193-6AF9282581F9}.Release|x64.ActiveCfg = Release|x64
		{75CDCAB4-9055-43E6-A193-6AF9282581F9}.Release|x64.Build.0 = Release|x64
		{75CDCAB4-9055-43E6-A193-6AF9282581F9}.Release|x86.ActiveCfg = Release|Win32
		{75CDCAB4-9055-43E6-A193-6AF9282581F9}.Release|x86.Build.0 = Release|Win32
	EndGlobalSection
	GlobalSection(SolutionProperties) = preSolution
		HideSolutionNode = FALSE
	EndGlobalSection
	GlobalSection(ExtensibilityGlobals) = postSolution
		SolutionGuid = {CD9EBF79-9E33-4085-92BA-AB6C9822C3DE}
	EndGlobalSection
EndGlobal
